
Microsoft Visual Studio Solution File, Format Version 12.00
# Visual Studio Version 17
VisualStudioVersion = 17.9.34622.214
MinimumVisualStudioVersion = 10.0.40219.1
Project("{FAE04EC0-301F-11D3-BF4B-00C04F79EFBC}") = "HD2 Hacked Launcher", "HD2 Hacked Launcher.csproj", "{61EAC8C6-DFE0-40C1-8E6B-DCF7017E0E8F}"
EndProject
Global
	GlobalSection(SolutionConfigurationPlatforms) = preSolution
		Debug|Any CPU = Debug|Any CPU
		Release|Any CPU = Release|Any CPU
	EndGlobalSection
	GlobalSection(ProjectConfigurationPlatforms) = postSolution
		{61EAC8C6-DFE0-40C1-8E6B-DCF7017E0E8F}.Debug|Any CPU.ActiveCfg = Debug|Any CPU
		{61EAC8C6-DFE0-40C1-8E6B-DCF7017E0E8F}.Debug|Any CPU.Build.0 = Debug|Any CPU
		{61EAC8C6-DFE0-40C1-8E6B-DCF7017E0E8F}.Release|Any CPU.ActiveCfg = Release|Any CPU
		{61EAC8C6-DFE0-40C1-8E6B-DCF7017E0E8F}.Release|Any CPU.Build.0 = Release|Any CPU
	EndGlobalSection
	GlobalSection(SolutionProperties) = preSolution
		HideSolutionNode = FALSE
	EndGlobalSection
	GlobalSection(ExtensibilityGlobals) = postSolution
		SolutionGuid = {519EE7C7-0302-45C9-82D2-8BF2B5D8E964}
	EndGlobalSection
EndGlobal
